// !$*UTF8*$!
{
	archiveVersion = 1;
	classes = {
	};
	objectVersion = 46;
	objects = {

/* Begin PBXBuildFile section */
		6BD2C20ACBDE97E6EDE9EB3A /* Pods_AddMob.framework in Frameworks */ = {isa = PBXBuildFile; fileRef = F1995880B2FB284EC8BC4E8D /* Pods_AddMob.framework */; };
		BDE9D6661D86AC4D00D15FE7 /* AppDelegate.swift in Sources */ = {isa = PBXBuildFile; fileRef = BDE9D6651D86AC4D00D15FE7 /* AppDelegate.swift */; };
		BDE9D6681D86AC4D00D15FE7 /* ViewController.swift in Sources */ = {isa = PBXBuildFile; fileRef = BDE9D6671D86AC4D00D15FE7 /* ViewController.swift */; };
		BDE9D66B1D86AC4D00D15FE7 /* Main.storyboard in Resources */ = {isa = PBXBuildFile; fileRef = BDE9D6691D86AC4D00D15FE7 /* Main.storyboard */; };
		BDE9D66D1D86AC4D00D15FE7 /* Assets.xcassets in Resources */ = {isa = PBXBuildFile; fileRef = BDE9D66C1D86AC4D00D15FE7 /* Assets.xcassets */; };
		BDE9D6701D86AC4D00D15FE7 /* LaunchScreen.storyboard in Resources */ = {isa = PBXBuildFile; fileRef = BDE9D66E1D86AC4D00D15FE7 /* LaunchScreen.storyboard */; };
/* End PBXBuildFile section */

/* Begin PBXFileReference section */
		1DF0E1670039627BD3A5AE9B /* Pods-AddMob.release.xcconfig */ = {isa = PBXFileReference; includeInIndex = 1; lastKnownFileType = text.xcconfig; name = "Pods-AddMob.release.xcconfig"; path = "Pods/Target Support Files/Pods-AddMob/Pods-AddMob.release.xcconfig"; sourceTree = "<group>"; };
		BDE9D6621D86AC4D00D15FE7 /* AddMob.app */ = {isa = PBXFileReference; explicitFileType = wrapper.application; includeInIndex = 0; path = AddMob.app; sourceTree = BUILT_PRODUCTS_DIR; };
		BDE9D6651D86AC4D00D15FE7 /* AppDelegate.swift */ = {isa = PBXFileReference; lastKnownFileType = sourcecode.swift; path = AppDelegate.swift; sourceTree = "<group>"; };
		BDE9D6671D86AC4D00D15FE7 /* ViewController.swift */ = {isa = PBXFileReference; lastKnownFileType = sourcecode.swift; path = ViewController.swift; sourceTree = "<group>"; };
		BDE9D66A1D86AC4D00D15FE7 /* Base */ = {isa = PBXFileReference; lastKnownFileType = file.storyboard; name = Base; path = Base.lproj/Main.storyboard; sourceTree = "<group>"; };
		BDE9D66C1D86AC4D00D15FE7 /* Assets.xcassets */ = {isa = PBXFileReference; lastKnownFileType = folder.assetcatalog; path = Assets.xcassets; sourceTree = "<group>"; };
		BDE9D66F1D86AC4D00D15FE7 /* Base */ = {isa = PBXFileReference; lastKnownFileType = file.storyboard; name = Base; path = Base.lproj/LaunchScreen.storyboard; sourceTree = "<group>"; };
		BDE9D6711D86AC4D00D15FE7 /* Info.plist */ = {isa = PBXFileReference; lastKnownFileType = text.plist.xml; path = Info.plist; sourceTree = "<group>"; };
		F1995880B2FB284EC8BC4E8D /* Pods_AddMob.framework */ = {isa = PBXFileReference; explicitFileType = wrapper.framework; includeInIndex = 0; path = Pods_AddMob.framework; sourceTree = BUILT_PRODUCTS_DIR; };
		F9FB6481DC3FFBE9E2FD7350 /* Pods-AddMob.debug.xcconfig */ = {isa = PBXFileReference; includeInIndex = 1; lastKnownFileType = text.xcconfig; name = "Pods-AddMob.debug.xcconfig"; path = "Pods/Target Support Files/Pods-AddMob/Pods-AddMob.debug.xcconfig"; sourceTree = "<group>"; };
/* End PBXFileReference section */

/* Begin PBXFrameworksBuildPhase section */
		BDE9D65F1D86AC4D00D15FE7 /* Frameworks */ = {
			isa = PBXFrameworksBuildPhase;
			buildActionMask = 2147483647;
			files = (
				6BD2C20ACBDE97E6EDE9EB3A /* Pods_AddMob.framework in Frameworks */,
			);
			runOnlyForDeploymentPostprocessing = 0;
		};
/* End PBXFrameworksBuildPhase section */

/* Begin PBXGroup section */
		12E79BD5FA2F7D3A3A62904B /* Frameworks */ = {
			isa = PBXGroup;
			children = (
				F1995880B2FB284EC8BC4E8D /* Pods_AddMob.framework */,
			);
			name = Frameworks;
			sourceTree = "<group>";
		};
		5094E72D0006F3949A075D3B /* Pods */ = {
			isa = PBXGroup;
			children = (
				F9FB6481DC3FFBE9E2FD7350 /* Pods-AddMob.debug.xcconfig */,
				1DF0E1670039627BD3A5AE9B /* Pods-AddMob.release.xcconfig */,
			);
			name = Pods;
			sourceTree = "<group>";
		};
		BDE9D6591D86AC4D00D15FE7 = {
			isa = PBXGroup;
			children = (
				BDE9D6641D86AC4D00D15FE7 /* AddMob */,
				BDE9D6631D86AC4D00D15FE7 /* Products */,
				5094E72D0006F3949A075D3B /* Pods */,
				12E79BD5FA2F7D3A3A62904B /* Frameworks */,
			);
			sourceTree = "<group>";
		};
		BDE9D6631D86AC4D00D15FE7 /* Products */ = {
			isa = PBXGroup;
			children = (
				BDE9D6621D86AC4D00D15FE7 /* AddMob.app */,
			);
			name = Products;
			sourceTree = "<group>";
		};
		BDE9D6641D86AC4D00D15FE7 /* AddMob */ = {
			isa = PBXGroup;
			children = (
				BDE9D6651D86AC4D00D15FE7 /* AppDelegate.swift */,
				BDE9D6671D86AC4D00D15FE7 /* ViewController.swift */,
				BDE9D6691D86AC4D00D15FE7 /* Main.storyboard */,
				BDE9D66C1D86AC4D00D15FE7 /* Assets.xcassets */,
				BDE9D66E1D86AC4D00D15FE7 /* LaunchScreen.storyboard */,
				BDE9D6711D86AC4D00D15FE7 /* Info.plist */,
			);
			path = AddMob;
			sourceTree = "<group>";
		};
/* End PBXGroup section */

/* Begin PBXNativeTarget section */
		BDE9D6611D86AC4D00D15FE7 /* AddMob */ = {
			isa = PBXNativeTarget;
			buildConfigurationList = BDE9D6741D86AC4D00D15FE7 /* Build configuration list for PBXNativeTarget "AddMob" */;
			buildPhases = (
				3EDBE030123BFFE2AEEABA6B /* [CP] Check Pods Manifest.lock */,
				BDE9D65E1D86AC4D00D15FE7 /* Sources */,
				BDE9D65F1D86AC4D00D15FE7 /* Frameworks */,
				BDE9D6601D86AC4D00D15FE7 /* Resources */,
				D8EDEE7B263B7DB406C8AB45 /* [CP] Embed Pods Frameworks */,
				8D0426A6BD30C5BEE903B31B /* [CP] Copy Pods Resources */,
			);
			buildRules = (
			);
			dependencies = (
			);
			name = AddMob;
			productName = AddMob;
			productReference = BDE9D6621D86AC4D00D15FE7 /* AddMob.app */;
			productType = "com.apple.product-type.application";
		};
/* End PBXNativeTarget section */

/* Begin PBXProject section */
		BDE9D65A1D86AC4D00D15FE7 /* Project object */ = {
			isa = PBXProject;
			attributes = {
				LastSwiftUpdateCheck = 0800;
				LastUpgradeCheck = 0800;
				ORGANIZATIONNAME = "Вадим Коппе";
				TargetAttributes = {
					BDE9D6611D86AC4D00D15FE7 = {
						CreatedOnToolsVersion = 8.0;
						DevelopmentTeam = 7JK729JZ89;
						ProvisioningStyle = Automatic;
					};
				};
			};
			buildConfigurationList = BDE9D65D1D86AC4D00D15FE7 /* Build configuration list for PBXProject "AddMob" */;
			compatibilityVersion = "Xcode 3.2";
			developmentRegion = English;
			hasScannedForEncodings = 0;
			knownRegions = (
				en,
				Base,
			);
			mainGroup = BDE9D6591D86AC4D00D15FE7;
			productRefGroup = BDE9D6631D86AC4D00D15FE7 /* Products */;
			projectDirPath = "";
			projectRoot = "";
			targets = (
				BDE9D6611D86AC4D00D15FE7 /* AddMob */,
			);
		};
/* End PBXProject section */

/* Begin PBXResourcesBuildPhase section */
		BDE9D6601D86AC4D00D15FE7 /* Resources */ = {
			isa = PBXResourcesBuildPhase;
			buildActionMask = 2147483647;
			files = (
				BDE9D6701D86AC4D00D15FE7 /* LaunchScreen.storyboard in Resources */,
				BDE9D66D1D86AC4D00D15FE7 /* Assets.xcassets in Resources */,
				BDE9D66B1D86AC4D00D15FE7 /* Main.storyboard in Resources */,
			);
			runOnlyForDeploymentPostprocessing = 0;
		};
/* End PBXResourcesBuildPhase section */

/* Begin PBXShellScriptBuildPhase section */
		3EDBE030123BFFE2AEEABA6B /* [CP] Check Pods Manifest.lock */ = {
			isa = PBXShellScriptBuildPhase;
			buildActionMask = 2147483647;
			files = (
			);
			inputPaths = (
			);
			name = "[CP] Check Pods Manifest.lock";
			outputPaths = (
			);
			runOnlyForDeploymentPostprocessing = 0;
			shellPath = /bin/sh;
			shellScript = "diff \"${PODS_ROOT}/../Podfile.lock\" \"${PODS_ROOT}/Manifest.lock\" > /dev/null\nif [ $? != 0 ] ; then\n    # print error to STDERR\n    echo \"error: The sandbox is not in sync with the Podfile.lock. Run 'pod install' or update your CocoaPods installation.\" >&2\n    exit 1\nfi\n";
			showEnvVarsInLog = 0;
		};
		8D0426A6BD30C5BEE903B31B /* [CP] Copy Pods Resources */ = {
			isa = PBXShellScriptBuildPhase;
			buildActionMask = 2147483647;
			files = (
			);
			inputPaths = (
			);
			name = "[CP] Copy Pods Resources";
			outputPaths = (
			);
			runOnlyForDeploymentPostprocessing = 0;
			shellPath = /bin/sh;
			shellScript = "\"${SRCROOT}/Pods/Target Support Files/Pods-AddMob/Pods-AddMob-resources.sh\"\n";
			showEnvVarsInLog = 0;
		};
		D8EDEE7B263B7DB406C8AB45 /* [CP] Embed Pods Frameworks */ = {
			isa = PBXShellScriptBuildPhase;
			buildActionMask = 2147483647;
			files = (
			);
			inputPaths = (
			);
			name = "[CP] Embed Pods Frameworks";
			outputPaths = (
			);
			runOnlyForDeploymentPostprocessing = 0;
			shellPath = /bin/sh;
			shellScript = "\"${SRCROOT}/Pods/Target Support Files/Pods-AddMob/Pods-AddMob-frameworks.sh\"\n";
			showEnvVarsInLog = 0;
		};
/* End PBXShellScriptBuildPhase section */

/* Begin PBXSourcesBuildPhase section */
		BDE9D65E1D86AC4D00D15FE7 /* Sources */ = {
			isa = PBXSourcesBuildPhase;
			buildActionMask = 2147483647;
			files = (
				BDE9D6681D86AC4D00D15FE7 /* ViewController.swift in Sources */,
				BDE9D6661D86AC4D00D15FE7 /* AppDelegate.swift in Sources */,
			);
			runOnlyForDeploymentPostprocessing = 0;
		};
/* End PBXSourcesBuildPhase section */

/* Begin PBXVariantGroup section */
		BDE9D6691D86AC4D00D15FE7 /* Main.storyboard */ = {
			isa = PBXVariantGroup;
			children = (
				BDE9D66A1D86AC4D00D15FE7 /* Base */,
			);
			name = Main.storyboard;
			sourceTree = "<group>";
		};
		BDE9D66E1D86AC4D00D15FE7 /* LaunchScreen.storyboard */ = {
			isa = PBXVariantGroup;
			children = (
				BDE9D66F1D86AC4D00D15FE7 /* Base */,
			);
			name = LaunchScreen.storyboard;
			sourceTree = "<group>";
		};
/* End PBXVariantGroup section */

/* Begin XCBuildConfiguration section */
		BDE9D6721D86AC4D00D15FE7 /* Debug */ = {
			isa = XCBuildConfiguration;
			buildSettings = {
				ALWAYS_SEARCH_USER_PATHS = NO;
				CLANG_ANALYZER_NONNULL = YES;
				CLANG_CXX_LANGUAGE_STANDARD = "gnu++0x";
				CLANG_CXX_LIBRARY = "libc++";
				CLANG_ENABLE_MODULES = YES;
				CLANG_ENABLE_OBJC_ARC = YES;
				CLANG_WARN_BOOL_CONVERSION = YES;
				CLANG_WARN_CONSTANT_CONVERSION = YES;
				CLANG_WARN_DIRECT_OBJC_ISA_USAGE = YES_ERROR;
				CLANG_WARN_DOCUMENTATION_COMMENTS = YES;
				CLANG_WARN_EMPTY_BODY = YES;
				CLANG_WARN_ENUM_CONVERSION = YES;
				CLANG_WARN_INFINITE_RECURSION = YES;
				CLANG_WARN_INT_CONVERSION = YES;
				CLANG_WARN_OBJC_ROOT_CLASS = YES_ERROR;
				CLANG_WARN_SUSPICIOUS_MOVE = YES;
				CLANG_WARN_SUSPICIOUS_MOVES = YES;
				CLANG_WARN_UNREACHABLE_CODE = YES;
				CLANG_WARN__DUPLICATE_METHOD_MATCH = YES;
				"CODE_SIGN_IDENTITY[sdk=iphoneos*]" = "iPhone Developer";
				COPY_PHASE_STRIP = NO;
				DEBUG_INFORMATION_FORMAT = dwarf;
				ENABLE_STRICT_OBJC_MSGSEND = YES;
				ENABLE_TESTABILITY = YES;
				GCC_C_LANGUAGE_STANDARD = gnu99;
				GCC_DYNAMIC_NO_PIC = NO;
				GCC_NO_COMMON_BLOCKS = YES;
				GCC_OPTIMIZATION_LEVEL = 0;
				GCC_PREPROCESSOR_DEFINITIONS = (
					"DEBUG=1",
					"$(inherited)",
				);
				GCC_WARN_64_TO_32_BIT_CONVERSION = YES;
				GCC_WARN_ABOUT_RETURN_TYPE = YES_ERROR;
				GCC_WARN_UNDECLARED_SELECTOR = YES;
				GCC_WARN_UNINITIALIZED_AUTOS = YES_AGGRESSIVE;
				GCC_WARN_UNUSED_FUNCTION = YES;
				GCC_WARN_UNUSED_VARIABLE = YES;
				IPHONEOS_DEPLOYMENT_TARGET = 10.0;
				MTL_ENABLE_DEBUG_INFO = YES;
				ONLY_ACTIVE_ARCH = YES;
				SDKROOT = iphoneos;
				SWIFT_ACTIVE_COMPILATION_CONDITIONS = DEBUG;
				SWIFT_OPTIMIZATION_LEVEL = "-Onone";
				TARGETED_DEVICE_FAMILY = "1,2";
			};
			name = Debug;
		};
		BDE9D6731D86AC4D00D15FE7 /* Release */ = {
			isa = XCBuildConfiguration;
			buildSettings = {
				ALWAYS_SEARCH_USER_PATHS = NO;
				CLANG_ANALYZER_NONNULL = YES;
				CLANG_CXX_LANGUAGE_STANDARD = "gnu++0x";
				CLANG_CXX_LIBRARY = "libc++";
				CLANG_ENABLE_MODULES = YES;
				CLANG_ENABLE_OBJC_ARC = YES;
				CLANG_WARN_BOOL_CONVERSION = YES;
				CLANG_WARN_CONSTANT_CONVERSION = YES;
				CLANG_WARN_DIRECT_OBJC_ISA_USAGE = YES_ERROR;
				CLANG_WARN_DOCUMENTATION_COMMENTS = YES;
				CLANG_WARN_EMPTY_BODY = YES;
				CLANG_WARN_ENUM_CONVERSION = YES;
				CLANG_WARN_INFINITE_RECURSION = YES;
				CLANG_WARN_INT_CONVERSION = YES;
				CLANG_WARN_OBJC_ROOT_CLASS = YES_ERROR;
				CLANG_WARN_SUSPICIOUS_MOVE = YES;
				CLANG_WARN_SUSPICIOUS_MOVES = YES;
				CLANG_WARN_UNREACHABLE_CODE = YES;
				CLANG_WARN__DUPLICATE_METHOD_MATCH = YES;
				"CODE_SIGN_IDENTITY[sdk=iphoneos*]" = "iPhone Developer";
				COPY_PHASE_STRIP = NO;
				DEBUG_INFORMATION_FORMAT = "dwarf-with-dsym";
				ENABLE_NS_ASSERTIONS = NO;
				ENABLE_STRICT_OBJC_MSGSEND = YES;
				GCC_C_LANGUAGE_STANDARD = gnu99;
				GCC_NO_COMMON_BLOCKS = YES;
				GCC_WARN_64_TO_32_BIT_CONVERSION = YES;
				GCC_WARN_ABOUT_RETURN_TYPE = YES_ERROR;
				GCC_WARN_UNDECLARED_SELECTOR = YES;
				GCC_WARN_UNINITIALIZED_AUTOS = YES_AGGRESSIVE;
				GCC_WARN_UNUSED_FUNCTION = YES;
				GCC_WARN_UNUSED_VARIABLE = YES;
				IPHONEOS_DEPLOYMENT_TARGET = 10.0;
				MTL_ENABLE_DEBUG_INFO = NO;
				SDKROOT = iphoneos;
				SWIFT_OPTIMIZATION_LEVEL = "-Owholemodule";
				TARGETED_DEVICE_FAMILY = "1,2";
				VALIDATE_PRODUCT = YES;
			};
			name = Release;
		};
		BDE9D6751D86AC4D00D15FE7 /* Debug */ = {
			isa = XCBuildConfiguration;
			baseConfigurationReference = F9FB6481DC3FFBE9E2FD7350 /* Pods-AddMob.debug.xcconfig */;
			buildSettings = {
				ASSETCATALOG_COMPILER_APPICON_NAME = AppIcon;
				DEVELOPMENT_TEAM = 7JK729JZ89;
				INFOPLIST_FILE = AddMob/Info.plist;
				LD_RUNPATH_SEARCH_PATHS = "$(inherited) @executable_path/Frameworks";
				PRODUCT_BUNDLE_IDENTIFIER = com.akovana.AddMob;
				PRODUCT_NAME = "$(TARGET_NAME)";
				SWIFT_VERSION = 3.0;
			};
			name = Debug;
		};
		BDE9D6761D86AC4D00D15FE7 /* Release */ = {
			isa = XCBuildConfiguration;
			baseConfigurationReference = 1DF0E1670039627BD3A5AE9B /* Pods-AddMob.release.xcconfig */;
			buildSettings = {
				ASSETCATALOG_COMPILER_APPICON_NAME = AppIcon;
				DEVELOPMENT_TEAM = 7JK729JZ89;
				INFOPLIST_FILE = AddMob/Info.plist;
				LD_RUNPATH_SEARCH_PATHS = "$(inherited) @executable_path/Frameworks";
				PRODUCT_BUNDLE_IDENTIFIER = com.akovana.AddMob;
				PRODUCT_NAME = "$(TARGET_NAME)";
				SWIFT_VERSION = 3.0;
			};
			name = Release;
		};
/* End XCBuildConfiguration section */

/* Begin XCConfigurationList section */
		BDE9D65D1D86AC4D00D15FE7 /* Build configuration list for PBXProject "AddMob" */ = {
			isa = XCConfigurationList;
			buildConfigurations = (
				BDE9D6721D86AC4D00D15FE7 /* Debug */,
				BDE9D6731D86AC4D00D15FE7 /* Release */,
			);
			defaultConfigurationIsVisible = 0;
			defaultConfigurationName = Release;
		};
		BDE9D6741D86AC4D00D15FE7 /* Build configuration list for PBXNativeTarget "AddMob" */ = {
			isa = XCConfigurationList;
			buildConfigurations = (
				BDE9D6751D86AC4D00D15FE7 /* Debug */,
				BDE9D6761D86AC4D00D15FE7 /* Release */,
			);
			defaultConfigurationIsVisible = 0;
			defaultConfigurationName = Release;
		};
/* End XCConfigurationList section */
	};
	rootObject = BDE9D65A1D86AC4D00D15FE7 /* Project object */;
}
